// !$*UTF8*$!
{
	archiveVersion = 1;
	classes = {
	};
	objectVersion = 50;
	objects = {

/* Begin PBXBuildFile section */
		1F31782420FFA45E000B6A55 /* AppDelegate.swift in Sources */ = {isa = PBXBuildFile; fileRef = 1F31782320FFA45E000B6A55 /* AppDelegate.swift */; };
		1F31782620FFA45E000B6A55 /* TodoListViewController.swift in Sources */ = {isa = PBXBuildFile; fileRef = 1F31782520FFA45E000B6A55 /* TodoListViewController.swift */; };
		1F31782920FFA45E000B6A55 /* Main.storyboard in Resources */ = {isa = PBXBuildFile; fileRef = 1F31782720FFA45E000B6A55 /* Main.storyboard */; };
		1F31782B20FFA45E000B6A55 /* Assets.xcassets in Resources */ = {isa = PBXBuildFile; fileRef = 1F31782A20FFA45E000B6A55 /* Assets.xcassets */; };
		1F31782E20FFA45E000B6A55 /* LaunchScreen.storyboard in Resources */ = {isa = PBXBuildFile; fileRef = 1F31782C20FFA45E000B6A55 /* LaunchScreen.storyboard */; };
		1F317846210CAB79000B6A55 /* DataModel.xcdatamodeld in Sources */ = {isa = PBXBuildFile; fileRef = 1F317844210CAB79000B6A55 /* DataModel.xcdatamodeld */; };
		1F317869211B4B8B000B6A55 /* CategoryViewController.swift in Sources */ = {isa = PBXBuildFile; fileRef = 1F317868211B4B8B000B6A55 /* CategoryViewController.swift */; };
/* End PBXBuildFile section */

/* Begin PBXFileReference section */
		1F31782020FFA45E000B6A55 /* PracticeTodoey.app */ = {isa = PBXFileReference; explicitFileType = wrapper.application; includeInIndex = 0; path = PracticeTodoey.app; sourceTree = BUILT_PRODUCTS_DIR; };
		1F31782320FFA45E000B6A55 /* AppDelegate.swift */ = {isa = PBXFileReference; lastKnownFileType = sourcecode.swift; path = AppDelegate.swift; sourceTree = "<group>"; };
		1F31782520FFA45E000B6A55 /* TodoListViewController.swift */ = {isa = PBXFileReference; lastKnownFileType = sourcecode.swift; path = TodoListViewController.swift; sourceTree = "<group>"; };
		1F31782820FFA45E000B6A55 /* Base */ = {isa = PBXFileReference; lastKnownFileType = file.storyboard; name = Base; path = Base.lproj/Main.storyboard; sourceTree = "<group>"; };
		1F31782A20FFA45E000B6A55 /* Assets.xcassets */ = {isa = PBXFileReference; lastKnownFileType = folder.assetcatalog; path = Assets.xcassets; sourceTree = "<group>"; };
		1F31782D20FFA45E000B6A55 /* Base */ = {isa = PBXFileReference; lastKnownFileType = file.storyboard; name = Base; path = Base.lproj/LaunchScreen.storyboard; sourceTree = "<group>"; };
		1F31782F20FFA45E000B6A55 /* Info.plist */ = {isa = PBXFileReference; lastKnownFileType = text.plist.xml; path = Info.plist; sourceTree = "<group>"; };
		1F317845210CAB79000B6A55 /* DataModel.xcdatamodel */ = {isa = PBXFileReference; lastKnownFileType = wrapper.xcdatamodel; path = DataModel.xcdatamodel; sourceTree = "<group>"; };
		1F317868211B4B8B000B6A55 /* CategoryViewController.swift */ = {isa = PBXFileReference; lastKnownFileType = sourcecode.swift; path = CategoryViewController.swift; sourceTree = "<group>"; };
/* End PBXFileReference section */

/* Begin PBXFrameworksBuildPhase section */
		1F31781D20FFA45E000B6A55 /* Frameworks */ = {
			isa = PBXFrameworksBuildPhase;
			buildActionMask = 2147483647;
			files = (
			);
			runOnlyForDeploymentPostprocessing = 0;
		};
/* End PBXFrameworksBuildPhase section */

/* Begin PBXGroup section */
		1F31781720FFA45E000B6A55 = {
			isa = PBXGroup;
			children = (
				1F31782220FFA45E000B6A55 /* PracticeTodoey */,
				1F31782120FFA45E000B6A55 /* Products */,
			);
			sourceTree = "<group>";
		};
		1F31782120FFA45E000B6A55 /* Products */ = {
			isa = PBXGroup;
			children = (
				1F31782020FFA45E000B6A55 /* PracticeTodoey.app */,
			);
			name = Products;
			sourceTree = "<group>";
		};
		1F31782220FFA45E000B6A55 /* PracticeTodoey */ = {
			isa = PBXGroup;
			children = (
				1F31782320FFA45E000B6A55 /* AppDelegate.swift */,
				1F31783E210A1E69000B6A55 /* Model */,
				1F317841210A1ED7000B6A55 /* ViewControllers */,
				1F317842210A1EE7000B6A55 /* Views */,
				1F317843210A1F05000B6A55 /* Supporting Files */,
				1F31782F20FFA45E000B6A55 /* Info.plist */,
			);
			path = PracticeTodoey;
			sourceTree = "<group>";
		};
		1F31783E210A1E69000B6A55 /* Model */ = {
			isa = PBXGroup;
			children = (
				1F317844210CAB79000B6A55 /* DataModel.xcdatamodeld */,
			);
			path = Model;
			sourceTree = "<group>";
		};
		1F317841210A1ED7000B6A55 /* ViewControllers */ = {
			isa = PBXGroup;
			children = (
				1F31782520FFA45E000B6A55 /* TodoListViewController.swift */,
				1F317868211B4B8B000B6A55 /* CategoryViewController.swift */,
			);
			path = ViewControllers;
			sourceTree = "<group>";
		};
		1F317842210A1EE7000B6A55 /* Views */ = {
			isa = PBXGroup;
			children = (
				1F31782720FFA45E000B6A55 /* Main.storyboard */,
			);
			path = Views;
			sourceTree = "<group>";
		};
		1F317843210A1F05000B6A55 /* Supporting Files */ = {
			isa = PBXGroup;
			children = (
				1F31782A20FFA45E000B6A55 /* Assets.xcassets */,
				1F31782C20FFA45E000B6A55 /* LaunchScreen.storyboard */,
			);
			path = "Supporting Files";
			sourceTree = "<group>";
		};
/* End PBXGroup section */

/* Begin PBXNativeTarget section */
		1F31781F20FFA45E000B6A55 /* PracticeTodoey */ = {
			isa = PBXNativeTarget;
			buildConfigurationList = 1F31783220FFA45E000B6A55 /* Build configuration list for PBXNativeTarget "PracticeTodoey" */;
			buildPhases = (
				1F31781C20FFA45E000B6A55 /* Sources */,
				1F31781D20FFA45E000B6A55 /* Frameworks */,
				1F31781E20FFA45E000B6A55 /* Resources */,
			);
			buildRules = (
			);
			dependencies = (
			);
			name = PracticeTodoey;
			productName = PracticeTodoey;
			productReference = 1F31782020FFA45E000B6A55 /* PracticeTodoey.app */;
			productType = "com.apple.product-type.application";
		};
/* End PBXNativeTarget section */

/* Begin PBXProject section */
		1F31781820FFA45E000B6A55 /* Project object */ = {
			isa = PBXProject;
			attributes = {
				LastSwiftUpdateCheck = 0940;
				LastUpgradeCheck = 0940;
				ORGANIZATIONNAME = ChenWei;
				TargetAttributes = {
					1F31781F20FFA45E000B6A55 = {
						CreatedOnToolsVersion = 9.4.1;
					};
				};
			};
			buildConfigurationList = 1F31781B20FFA45E000B6A55 /* Build configuration list for PBXProject "PracticeTodoey" */;
			compatibilityVersion = "Xcode 9.3";
			developmentRegion = en;
			hasScannedForEncodings = 0;
			knownRegions = (
				en,
				Base,
			);
			mainGroup = 1F31781720FFA45E000B6A55;
			productRefGroup = 1F31782120FFA45E000B6A55 /* Products */;
			projectDirPath = "";
			projectRoot = "";
			targets = (
				1F31781F20FFA45E000B6A55 /* PracticeTodoey */,
			);
		};
/* End PBXProject section */

/* Begin PBXResourcesBuildPhase section */
		1F31781E20FFA45E000B6A55 /* Resources */ = {
			isa = PBXResourcesBuildPhase;
			buildActionMask = 2147483647;
			files = (
				1F31782E20FFA45E000B6A55 /* LaunchScreen.storyboard in Resources */,
				1F31782B20FFA45E000B6A55 /* Assets.xcassets in Resources */,
				1F31782920FFA45E000B6A55 /* Main.storyboard in Resources */,
			);
			runOnlyForDeploymentPostprocessing = 0;
		};
/* End PBXResourcesBuildPhase section */

/* Begin PBXSourcesBuildPhase section */
		1F31781C20FFA45E000B6A55 /* Sources */ = {
			isa = PBXSourcesBuildPhase;
			buildActionMask = 2147483647;
			files = (
				1F317869211B4B8B000B6A55 /* CategoryViewController.swift in Sources */,
				1F31782620FFA45E000B6A55 /* TodoListViewController.swift in Sources */,
				1F317846210CAB79000B6A55 /* DataModel.xcdatamodeld in Sources */,
				1F31782420FFA45E000B6A55 /* AppDelegate.swift in Sources */,
			);
			runOnlyForDeploymentPostprocessing = 0;
		};
/* End PBXSourcesBuildPhase section */

/* Begin PBXVariantGroup section */
		1F31782720FFA45E000B6A55 /* Main.storyboard */ = {
			isa = PBXVariantGroup;
			children = (
				1F31782820FFA45E000B6A55 /* Base */,
			);
			name = Main.storyboard;
			sourceTree = "<group>";
		};
		1F31782C20FFA45E000B6A55 /* LaunchScreen.storyboard */ = {
			isa = PBXVariantGroup;
			children = (
				1F31782D20FFA45E000B6A55 /* Base */,
			);
			name = LaunchScreen.storyboard;
			sourceTree = "<group>";
		};
/* End PBXVariantGroup section */

/* Begin XCBuildConfiguration section */
		1F31783020FFA45E000B6A55 /* Debug */ = {
			isa = XCBuildConfiguration;
			buildSettings = {
				ALWAYS_SEARCH_USER_PATHS = NO;
				CLANG_ANALYZER_NONNULL = YES;
				CLANG_ANALYZER_NUMBER_OBJECT_CONVERSION = YES_AGGRESSIVE;
				CLANG_CXX_LANGUAGE_STANDARD = "gnu++14";
				CLANG_CXX_LIBRARY = "libc++";
				CLANG_ENABLE_MODULES = YES;
				CLANG_ENABLE_OBJC_ARC = YES;
				CLANG_ENABLE_OBJC_WEAK = YES;
				CLANG_WARN_BLOCK_CAPTURE_AUTORELEASING = YES;
				CLANG_WARN_BOOL_CONVERSION = YES;
				CLANG_WARN_COMMA = YES;
				CLANG_WARN_CONSTANT_CONVERSION = YES;
				CLANG_WARN_DEPRECATED_OBJC_IMPLEMENTATIONS = YES;
				CLANG_WARN_DIRECT_OBJC_ISA_USAGE = YES_ERROR;
				CLANG_WARN_DOCUMENTATION_COMMENTS = YES;
				CLANG_WARN_EMPTY_BODY = YES;
				CLANG_WARN_ENUM_CONVERSION = YES;
				CLANG_WARN_INFINITE_RECURSION = YES;
				CLANG_WARN_INT_CONVERSION = YES;
				CLANG_WARN_NON_LITERAL_NULL_CONVERSION = YES;
				CLANG_WARN_OBJC_IMPLICIT_RETAIN_SELF = YES;
				CLANG_WARN_OBJC_LITERAL_CONVERSION = YES;
				CLANG_WARN_OBJC_ROOT_CLASS = YES_ERROR;
				CLANG_WARN_RANGE_LOOP_ANALYSIS = YES;
				CLANG_WARN_STRICT_PROTOTYPES = YES;
				CLANG_WARN_SUSPICIOUS_MOVE = YES;
				CLANG_WARN_UNGUARDED_AVAILABILITY = YES_AGGRESSIVE;
				CLANG_WARN_UNREACHABLE_CODE = YES;
				CLANG_WARN__DUPLICATE_METHOD_MATCH = YES;
				CODE_SIGN_IDENTITY = "iPhone Developer";
				COPY_PHASE_STRIP = NO;
				DEBUG_INFORMATION_FORMAT = dwarf;
				ENABLE_STRICT_OBJC_MSGSEND = YES;
				ENABLE_TESTABILITY = YES;
				GCC_C_LANGUAGE_STANDARD = gnu11;
				GCC_DYNAMIC_NO_PIC = NO;
				GCC_NO_COMMON_BLOCKS = YES;
				GCC_OPTIMIZATION_LEVEL = 0;
				GCC_PREPROCESSOR_DEFINITIONS = (
					"DEBUG=1",
					"$(inherited)",
				);
				GCC_WARN_64_TO_32_BIT_CONVERSION = YES;
				GCC_WARN_ABOUT_RETURN_TYPE = YES_ERROR;
				GCC_WARN_UNDECLARED_SELECTOR = YES;
				GCC_WARN_UNINITIALIZED_AUTOS = YES_AGGRESSIVE;
				GCC_WARN_UNUSED_FUNCTION = YES;
				GCC_WARN_UNUSED_VARIABLE = YES;
				IPHONEOS_DEPLOYMENT_TARGET = 11.4;
				MTL_ENABLE_DEBUG_INFO = YES;
				ONLY_ACTIVE_ARCH = YES;
				SDKROOT = iphoneos;
				SWIFT_ACTIVE_COMPILATION_CONDITIONS = DEBUG;
				SWIFT_OPTIMIZATION_LEVEL = "-Onone";
			};
			name = Debug;
		};
		1F31783120FFA45E000B6A55 /* Release */ = {
			isa = XCBuildConfiguration;
			buildSettings = {
				ALWAYS_SEARCH_USER_PATHS = NO;
				CLANG_ANALYZER_NONNULL = YES;
				CLANG_ANALYZER_NUMBER_OBJECT_CONVERSION = YES_AGGRESSIVE;
				CLANG_CXX_LANGUAGE_STANDARD = "gnu++14";
				CLANG_CXX_LIBRARY = "libc++";
				CLANG_ENABLE_MODULES = YES;
				CLANG_ENABLE_OBJC_ARC = YES;
				CLANG_ENABLE_OBJC_WEAK = YES;
				CLANG_WARN_BLOCK_CAPTURE_AUTORELEASING = YES;
				CLANG_WARN_BOOL_CONVERSION = YES;
				CLANG_WARN_COMMA = YES;
				CLANG_WARN_CONSTANT_CONVERSION = YES;
				CLANG_WARN_DEPRECATED_OBJC_IMPLEMENTATIONS = YES;
				CLANG_WARN_DIRECT_OBJC_ISA_USAGE = YES_ERROR;
				CLANG_WARN_DOCUMENTATION_COMMENTS = YES;
				CLANG_WARN_EMPTY_BODY = YES;
				CLANG_WARN_ENUM_CONVERSION = YES;
				CLANG_WARN_INFINITE_RECURSION = YES;
				CLANG_WARN_INT_CONVERSION = YES;
				CLANG_WARN_NON_LITERAL_NULL_CONVERSION = YES;
				CLANG_WARN_OBJC_IMPLICIT_RETAIN_SELF = YES;
				CLANG_WARN_OBJC_LITERAL_CONVERSION = YES;
				CLANG_WARN_OBJC_ROOT_CLASS = YES_ERROR;
				CLANG_WARN_RANGE_LOOP_ANALYSIS = YES;
				CLANG_WARN_STRICT_PROTOTYPES = YES;
				CLANG_WARN_SUSPICIOUS_MOVE = YES;
				CLANG_WARN_UNGUARDED_AVAILABILITY = YES_AGGRESSIVE;
				CLANG_WARN_UNREACHABLE_CODE = YES;
				CLANG_WARN__DUPLICATE_METHOD_MATCH = YES;
				CODE_SIGN_IDENTITY = "iPhone Developer";
				COPY_PHASE_STRIP = NO;
				DEBUG_INFORMATION_FORMAT = "dwarf-with-dsym";
				ENABLE_NS_ASSERTIONS = NO;
				ENABLE_STRICT_OBJC_MSGSEND = YES;
				GCC_C_LANGUAGE_STANDARD = gnu11;
				GCC_NO_COMMON_BLOCKS = YES;
				GCC_WARN_64_TO_32_BIT_CONVERSION = YES;
				GCC_WARN_ABOUT_RETURN_TYPE = YES_ERROR;
				GCC_WARN_UNDECLARED_SELECTOR = YES;
				GCC_WARN_UNINITIALIZED_AUTOS = YES_AGGRESSIVE;
				GCC_WARN_UNUSED_FUNCTION = YES;
				GCC_WARN_UNUSED_VARIABLE = YES;
				IPHONEOS_DEPLOYMENT_TARGET = 11.4;
				MTL_ENABLE_DEBUG_INFO = NO;
				SDKROOT = iphoneos;
				SWIFT_COMPILATION_MODE = wholemodule;
				SWIFT_OPTIMIZATION_LEVEL = "-O";
				VALIDATE_PRODUCT = YES;
			};
			name = Release;
		};
		1F31783320FFA45E000B6A55 /* Debug */ = {
			isa = XCBuildConfiguration;
			buildSettings = {
				ASSETCATALOG_COMPILER_APPICON_NAME = AppIcon;
				CODE_SIGN_STYLE = Manual;
				DEVELOPMENT_TEAM = 5D7TV84WEN;
				INFOPLIST_FILE = PracticeTodoey/Info.plist;
				LD_RUNPATH_SEARCH_PATHS = (
					"$(inherited)",
					"@executable_path/Frameworks",
				);
				PRODUCT_BUNDLE_IDENTIFIER = com.wildcard.practiceTodoey;
				PRODUCT_NAME = "$(TARGET_NAME)";
				PROVISIONING_PROFILE = "e033ff45-5d59-4468-b1d0-701630b2c8c7";
				PROVISIONING_PROFILE_SPECIFIER = Wildcard;
				SWIFT_VERSION = 4.0;
				TARGETED_DEVICE_FAMILY = "1,2";
			};
			name = Debug;
		};
		1F31783420FFA45E000B6A55 /* Release */ = {
			isa = XCBuildConfiguration;
			buildSettings = {
				ASSETCATALOG_COMPILER_APPICON_NAME = AppIcon;
				CODE_SIGN_STYLE = Manual;
				DEVELOPMENT_TEAM = 5D7TV84WEN;
				INFOPLIST_FILE = PracticeTodoey/Info.plist;
				LD_RUNPATH_SEARCH_PATHS = (
					"$(inherited)",
					"@executable_path/Frameworks",
				);
				PRODUCT_BUNDLE_IDENTIFIER = com.wildcard.practiceTodoey;
				PRODUCT_NAME = "$(TARGET_NAME)";
				PROVISIONING_PROFILE = "e033ff45-5d59-4468-b1d0-701630b2c8c7";
				PROVISIONING_PROFILE_SPECIFIER = Wildcard;
				SWIFT_VERSION = 4.0;
				TARGETED_DEVICE_FAMILY = "1,2";
			};
			name = Release;
		};
/* End XCBuildConfiguration section */

/* Begin XCConfigurationList section */
		1F31781B20FFA45E000B6A55 /* Build configuration list for PBXProject "PracticeTodoey" */ = {
			isa = XCConfigurationList;
			buildConfigurations = (
				1F31783020FFA45E000B6A55 /* Debug */,
				1F31783120FFA45E000B6A55 /* Release */,
			);
			defaultConfigurationIsVisible = 0;
			defaultConfigurationName = Release;
		};
		1F31783220FFA45E000B6A55 /* Build configuration list for PBXNativeTarget "PracticeTodoey" */ = {
			isa = XCConfigurationList;
			buildConfigurations = (
				1F31783320FFA45E000B6A55 /* Debug */,
				1F31783420FFA45E000B6A55 /* Release */,
			);
			defaultConfigurationIsVisible = 0;
			defaultConfigurationName = Release;
		};
/* End XCConfigurationList section */

/* Begin XCVersionGroup section */
		1F317844210CAB79000B6A55 /* DataModel.xcdatamodeld */ = {
			isa = XCVersionGroup;
			children = (
				1F317845210CAB79000B6A55 /* DataModel.xcdatamodel */,
			);
			currentVersion = 1F317845210CAB79000B6A55 /* DataModel.xcdatamodel */;
			path = DataModel.xcdatamodeld;
			sourceTree = "<group>";
			versionGroupType = wrapper.xcdatamodel;
		};
/* End XCVersionGroup section */
	};
	rootObject = 1F31781820FFA45E000B6A55 /* Project object */;
}
